// !$*UTF8*$!
{
	archiveVersion = 1;
	classes = {
	};
	objectVersion = 51;
	objects = {

/* Begin PBXBuildFile section */
		7B789542239E2A000033E256 /* AppDelegate.swift in Sources */ = {isa = PBXBuildFile; fileRef = 7B789541239E2A000033E256 /* AppDelegate.swift */; };
		7B789544239E2A000033E256 /* SceneDelegate.swift in Sources */ = {isa = PBXBuildFile; fileRef = 7B789543239E2A000033E256 /* SceneDelegate.swift */; };
		7B789549239E2A000033E256 /* Main.storyboard in Resources */ = {isa = PBXBuildFile; fileRef = 7B789547239E2A000033E256 /* Main.storyboard */; };
		7B78954B239E2A050033E256 /* Assets.xcassets in Resources */ = {isa = PBXBuildFile; fileRef = 7B78954A239E2A050033E256 /* Assets.xcassets */; };
		7B78954E239E2A050033E256 /* LaunchScreen.storyboard in Resources */ = {isa = PBXBuildFile; fileRef = 7B78954C239E2A050033E256 /* LaunchScreen.storyboard */; };
		7B789556239E2C9B0033E256 /* GoogleService-Info.plist in Resources */ = {isa = PBXBuildFile; fileRef = 7B789555239E2C9B0033E256 /* GoogleService-Info.plist */; };
		7BB36025239F66CD00C65D34 /* LoginViewController.swift in Sources */ = {isa = PBXBuildFile; fileRef = 7BB36024239F66CD00C65D34 /* LoginViewController.swift */; };
		7BB36027239F745300C65D34 /* RoomViewController.swift in Sources */ = {isa = PBXBuildFile; fileRef = 7BB36026239F745300C65D34 /* RoomViewController.swift */; };
		7BB3602A239F7B1000C65D34 /* Room.swift in Sources */ = {isa = PBXBuildFile; fileRef = 7BB36029239F7B1000C65D34 /* Room.swift */; };
		7BB3602C23A0BA6300C65D34 /* ChatUser.swift in Sources */ = {isa = PBXBuildFile; fileRef = 7BB3602B23A0BA6300C65D34 /* ChatUser.swift */; };
		7BB3602E23A0BA7200C65D34 /* Message.swift in Sources */ = {isa = PBXBuildFile; fileRef = 7BB3602D23A0BA7200C65D34 /* Message.swift */; };
		7BB3603023A0BA9800C65D34 /* ChatViewController.swift in Sources */ = {isa = PBXBuildFile; fileRef = 7BB3602F23A0BA9800C65D34 /* ChatViewController.swift */; };
		7BB3603223A2137B00C65D34 /* SettingViewController.swift in Sources */ = {isa = PBXBuildFile; fileRef = 7BB3603123A2137B00C65D34 /* SettingViewController.swift */; };
		DE771E719E3B2CE5445FF7A5 /* Pods_NexSeedChatProject.framework in Frameworks */ = {isa = PBXBuildFile; fileRef = B6FB5CD59BBA7ED74C6A76E1 /* Pods_NexSeedChatProject.framework */; };
/* End PBXBuildFile section */

/* Begin PBXFileReference section */
		5DE6F2698F6AEB06E5DE35A8 /* Pods-NexSeedChatProject.release.xcconfig */ = {isa = PBXFileReference; includeInIndex = 1; lastKnownFileType = text.xcconfig; name = "Pods-NexSeedChatProject.release.xcconfig"; path = "Target Support Files/Pods-NexSeedChatProject/Pods-NexSeedChatProject.release.xcconfig"; sourceTree = "<group>"; };
		7B78953E239E2A000033E256 /* NexSeedChatProject.app */ = {isa = PBXFileReference; explicitFileType = wrapper.application; includeInIndex = 0; path = NexSeedChatProject.app; sourceTree = BUILT_PRODUCTS_DIR; };
		7B789541239E2A000033E256 /* AppDelegate.swift */ = {isa = PBXFileReference; lastKnownFileType = sourcecode.swift; path = AppDelegate.swift; sourceTree = "<group>"; };
		7B789543239E2A000033E256 /* SceneDelegate.swift */ = {isa = PBXFileReference; lastKnownFileType = sourcecode.swift; path = SceneDelegate.swift; sourceTree = "<group>"; };
		7B789548239E2A000033E256 /* Base */ = {isa = PBXFileReference; lastKnownFileType = file.storyboard; name = Base; path = Base.lproj/Main.storyboard; sourceTree = "<group>"; };
		7B78954A239E2A050033E256 /* Assets.xcassets */ = {isa = PBXFileReference; lastKnownFileType = folder.assetcatalog; path = Assets.xcassets; sourceTree = "<group>"; };
		7B78954D239E2A050033E256 /* Base */ = {isa = PBXFileReference; lastKnownFileType = file.storyboard; name = Base; path = Base.lproj/LaunchScreen.storyboard; sourceTree = "<group>"; };
		7B78954F239E2A050033E256 /* Info.plist */ = {isa = PBXFileReference; lastKnownFileType = text.plist.xml; path = Info.plist; sourceTree = "<group>"; };
		7B789555239E2C9B0033E256 /* GoogleService-Info.plist */ = {isa = PBXFileReference; fileEncoding = 4; lastKnownFileType = text.plist.xml; path = "GoogleService-Info.plist"; sourceTree = "<group>"; };
		7BB36024239F66CD00C65D34 /* LoginViewController.swift */ = {isa = PBXFileReference; lastKnownFileType = sourcecode.swift; path = LoginViewController.swift; sourceTree = "<group>"; };
		7BB36026239F745300C65D34 /* RoomViewController.swift */ = {isa = PBXFileReference; lastKnownFileType = sourcecode.swift; path = RoomViewController.swift; sourceTree = "<group>"; };
		7BB36029239F7B1000C65D34 /* Room.swift */ = {isa = PBXFileReference; lastKnownFileType = sourcecode.swift; path = Room.swift; sourceTree = "<group>"; };
		7BB3602B23A0BA6300C65D34 /* ChatUser.swift */ = {isa = PBXFileReference; lastKnownFileType = sourcecode.swift; path = ChatUser.swift; sourceTree = "<group>"; };
		7BB3602D23A0BA7200C65D34 /* Message.swift */ = {isa = PBXFileReference; lastKnownFileType = sourcecode.swift; path = Message.swift; sourceTree = "<group>"; };
		7BB3602F23A0BA9800C65D34 /* ChatViewController.swift */ = {isa = PBXFileReference; lastKnownFileType = sourcecode.swift; path = ChatViewController.swift; sourceTree = "<group>"; };
		7BB3603123A2137B00C65D34 /* SettingViewController.swift */ = {isa = PBXFileReference; lastKnownFileType = sourcecode.swift; path = SettingViewController.swift; sourceTree = "<group>"; };
		B6FB5CD59BBA7ED74C6A76E1 /* Pods_NexSeedChatProject.framework */ = {isa = PBXFileReference; explicitFileType = wrapper.framework; includeInIndex = 0; path = Pods_NexSeedChatProject.framework; sourceTree = BUILT_PRODUCTS_DIR; };
		DAEFCAF942C3F7BB799D4F4D /* Pods-NexSeedChatProject.debug.xcconfig */ = {isa = PBXFileReference; includeInIndex = 1; lastKnownFileType = text.xcconfig; name = "Pods-NexSeedChatProject.debug.xcconfig"; path = "Target Support Files/Pods-NexSeedChatProject/Pods-NexSeedChatProject.debug.xcconfig"; sourceTree = "<group>"; };
/* End PBXFileReference section */

/* Begin PBXFrameworksBuildPhase section */
		7B78953B239E2A000033E256 /* Frameworks */ = {
			isa = PBXFrameworksBuildPhase;
			buildActionMask = 2147483647;
			files = (
				DE771E719E3B2CE5445FF7A5 /* Pods_NexSeedChatProject.framework in Frameworks */,
			);
			runOnlyForDeploymentPostprocessing = 0;
		};
/* End PBXFrameworksBuildPhase section */

/* Begin PBXGroup section */
		5890A86DAFE42B67DA5F41AB /* Pods */ = {
			isa = PBXGroup;
			children = (
				DAEFCAF942C3F7BB799D4F4D /* Pods-NexSeedChatProject.debug.xcconfig */,
				5DE6F2698F6AEB06E5DE35A8 /* Pods-NexSeedChatProject.release.xcconfig */,
			);
			path = Pods;
			sourceTree = "<group>";
		};
		624F5C024061661E670938DD /* Frameworks */ = {
			isa = PBXGroup;
			children = (
				B6FB5CD59BBA7ED74C6A76E1 /* Pods_NexSeedChatProject.framework */,
			);
			name = Frameworks;
			sourceTree = "<group>";
		};
		7B789535239E2A000033E256 = {
			isa = PBXGroup;
			children = (
				7B789540239E2A000033E256 /* NexSeedChatProject */,
				7B78953F239E2A000033E256 /* Products */,
				5890A86DAFE42B67DA5F41AB /* Pods */,
				624F5C024061661E670938DD /* Frameworks */,
			);
			sourceTree = "<group>";
		};
		7B78953F239E2A000033E256 /* Products */ = {
			isa = PBXGroup;
			children = (
				7B78953E239E2A000033E256 /* NexSeedChatProject.app */,
			);
			name = Products;
			sourceTree = "<group>";
		};
		7B789540239E2A000033E256 /* NexSeedChatProject */ = {
			isa = PBXGroup;
			children = (
				7BB36028239F7AFB00C65D34 /* Objects */,
				7B789558239E31D50033E256 /* Controllers */,
				7B789541239E2A000033E256 /* AppDelegate.swift */,
				7B789543239E2A000033E256 /* SceneDelegate.swift */,
				7B789547239E2A000033E256 /* Main.storyboard */,
				7B78954A239E2A050033E256 /* Assets.xcassets */,
				7B78954C239E2A050033E256 /* LaunchScreen.storyboard */,
				7B78954F239E2A050033E256 /* Info.plist */,
				7B789555239E2C9B0033E256 /* GoogleService-Info.plist */,
			);
			path = NexSeedChatProject;
			sourceTree = "<group>";
		};
		7B789558239E31D50033E256 /* Controllers */ = {
			isa = PBXGroup;
			children = (
				7BB36024239F66CD00C65D34 /* LoginViewController.swift */,
				7BB36026239F745300C65D34 /* RoomViewController.swift */,
				7BB3602F23A0BA9800C65D34 /* ChatViewController.swift */,
				7BB3603123A2137B00C65D34 /* SettingViewController.swift */,
			);
			path = Controllers;
			sourceTree = "<group>";
		};
		7BB36028239F7AFB00C65D34 /* Objects */ = {
			isa = PBXGroup;
			children = (
				7BB36029239F7B1000C65D34 /* Room.swift */,
				7BB3602B23A0BA6300C65D34 /* ChatUser.swift */,
				7BB3602D23A0BA7200C65D34 /* Message.swift */,
			);
			path = Objects;
			sourceTree = "<group>";
		};
/* End PBXGroup section */

/* Begin PBXNativeTarget section */
		7B78953D239E2A000033E256 /* NexSeedChatProject */ = {
			isa = PBXNativeTarget;
			buildConfigurationList = 7B789552239E2A050033E256 /* Build configuration list for PBXNativeTarget "NexSeedChatProject" */;
			buildPhases = (
				3625CA3052FCED3EEDB920BE /* [CP] Check Pods Manifest.lock */,
				7B78953A239E2A000033E256 /* Sources */,
				7B78953B239E2A000033E256 /* Frameworks */,
				7B78953C239E2A000033E256 /* Resources */,
				A44CB6AFDE69EF3AF52D6BDE /* [CP] Embed Pods Frameworks */,
				B77606BD2E81A011E99ECFBE /* [CP] Copy Pods Resources */,
			);
			buildRules = (
			);
			dependencies = (
			);
			name = NexSeedChatProject;
			productName = NexSeedChatProject;
			productReference = 7B78953E239E2A000033E256 /* NexSeedChatProject.app */;
			productType = "com.apple.product-type.application";
		};
/* End PBXNativeTarget section */

/* Begin PBXProject section */
		7B789536239E2A000033E256 /* Project object */ = {
			isa = PBXProject;
			attributes = {
				LastSwiftUpdateCheck = 1110;
				LastUpgradeCheck = 1110;
				ORGANIZATIONNAME = Mizuki;
				TargetAttributes = {
					7B78953D239E2A000033E256 = {
						CreatedOnToolsVersion = 11.1;
					};
				};
			};
			buildConfigurationList = 7B789539239E2A000033E256 /* Build configuration list for PBXProject "NexSeedChatProject" */;
			compatibilityVersion = "Xcode 9.3";
			developmentRegion = en;
			hasScannedForEncodings = 0;
			knownRegions = (
				en,
				Base,
			);
			mainGroup = 7B789535239E2A000033E256;
			productRefGroup = 7B78953F239E2A000033E256 /* Products */;
			projectDirPath = "";
			projectRoot = "";
			targets = (
				7B78953D239E2A000033E256 /* NexSeedChatProject */,
			);
		};
/* End PBXProject section */

/* Begin PBXResourcesBuildPhase section */
		7B78953C239E2A000033E256 /* Resources */ = {
			isa = PBXResourcesBuildPhase;
			buildActionMask = 2147483647;
			files = (
				7B78954E239E2A050033E256 /* LaunchScreen.storyboard in Resources */,
				7B78954B239E2A050033E256 /* Assets.xcassets in Resources */,
				7B789556239E2C9B0033E256 /* GoogleService-Info.plist in Resources */,
				7B789549239E2A000033E256 /* Main.storyboard in Resources */,
			);
			runOnlyForDeploymentPostprocessing = 0;
		};
/* End PBXResourcesBuildPhase section */

/* Begin PBXShellScriptBuildPhase section */
		3625CA3052FCED3EEDB920BE /* [CP] Check Pods Manifest.lock */ = {
			isa = PBXShellScriptBuildPhase;
			buildActionMask = 2147483647;
			files = (
			);
			inputFileListPaths = (
			);
			inputPaths = (
				"${PODS_PODFILE_DIR_PATH}/Podfile.lock",
				"${PODS_ROOT}/Manifest.lock",
			);
			name = "[CP] Check Pods Manifest.lock";
			outputFileListPaths = (
			);
			outputPaths = (
				"$(DERIVED_FILE_DIR)/Pods-NexSeedChatProject-checkManifestLockResult.txt",
			);
			runOnlyForDeploymentPostprocessing = 0;
			shellPath = /bin/sh;
			shellScript = "diff \"${PODS_PODFILE_DIR_PATH}/Podfile.lock\" \"${PODS_ROOT}/Manifest.lock\" > /dev/null\nif [ $? != 0 ] ; then\n    # print error to STDERR\n    echo \"error: The sandbox is not in sync with the Podfile.lock. Run 'pod install' or update your CocoaPods installation.\" >&2\n    exit 1\nfi\n# This output is used by Xcode 'outputs' to avoid re-running this script phase.\necho \"SUCCESS\" > \"${SCRIPT_OUTPUT_FILE_0}\"\n";
			showEnvVarsInLog = 0;
		};
		A44CB6AFDE69EF3AF52D6BDE /* [CP] Embed Pods Frameworks */ = {
			isa = PBXShellScriptBuildPhase;
			buildActionMask = 2147483647;
			files = (
			);
			inputFileListPaths = (
				"${PODS_ROOT}/Target Support Files/Pods-NexSeedChatProject/Pods-NexSeedChatProject-frameworks-${CONFIGURATION}-input-files.xcfilelist",
			);
			name = "[CP] Embed Pods Frameworks";
			outputFileListPaths = (
				"${PODS_ROOT}/Target Support Files/Pods-NexSeedChatProject/Pods-NexSeedChatProject-frameworks-${CONFIGURATION}-output-files.xcfilelist",
			);
			runOnlyForDeploymentPostprocessing = 0;
			shellPath = /bin/sh;
			shellScript = "\"${PODS_ROOT}/Target Support Files/Pods-NexSeedChatProject/Pods-NexSeedChatProject-frameworks.sh\"\n";
			showEnvVarsInLog = 0;
		};
		B77606BD2E81A011E99ECFBE /* [CP] Copy Pods Resources */ = {
			isa = PBXShellScriptBuildPhase;
			buildActionMask = 2147483647;
			files = (
			);
			inputFileListPaths = (
				"${PODS_ROOT}/Target Support Files/Pods-NexSeedChatProject/Pods-NexSeedChatProject-resources-${CONFIGURATION}-input-files.xcfilelist",
			);
			name = "[CP] Copy Pods Resources";
			outputFileListPaths = (
				"${PODS_ROOT}/Target Support Files/Pods-NexSeedChatProject/Pods-NexSeedChatProject-resources-${CONFIGURATION}-output-files.xcfilelist",
			);
			runOnlyForDeploymentPostprocessing = 0;
			shellPath = /bin/sh;
			shellScript = "\"${PODS_ROOT}/Target Support Files/Pods-NexSeedChatProject/Pods-NexSeedChatProject-resources.sh\"\n";
			showEnvVarsInLog = 0;
		};
/* End PBXShellScriptBuildPhase section */

/* Begin PBXSourcesBuildPhase section */
		7B78953A239E2A000033E256 /* Sources */ = {
			isa = PBXSourcesBuildPhase;
			buildActionMask = 2147483647;
			files = (
				7BB3602C23A0BA6300C65D34 /* ChatUser.swift in Sources */,
				7BB36025239F66CD00C65D34 /* LoginViewController.swift in Sources */,
				7BB3603023A0BA9800C65D34 /* ChatViewController.swift in Sources */,
				7B789542239E2A000033E256 /* AppDelegate.swift in Sources */,
				7B789544239E2A000033E256 /* SceneDelegate.swift in Sources */,
				7BB3603223A2137B00C65D34 /* SettingViewController.swift in Sources */,
				7BB36027239F745300C65D34 /* RoomViewController.swift in Sources */,
				7BB3602A239F7B1000C65D34 /* Room.swift in Sources */,
				7BB3602E23A0BA7200C65D34 /* Message.swift in Sources */,
			);
			runOnlyForDeploymentPostprocessing = 0;
		};
/* End PBXSourcesBuildPhase section */

/* Begin PBXVariantGroup section */
		7B789547239E2A000033E256 /* Main.storyboard */ = {
			isa = PBXVariantGroup;
			children = (
				7B789548239E2A000033E256 /* Base */,
			);
			name = Main.storyboard;
			sourceTree = "<group>";
		};
		7B78954C239E2A050033E256 /* LaunchScreen.storyboard */ = {
			isa = PBXVariantGroup;
			children = (
				7B78954D239E2A050033E256 /* Base */,
			);
			name = LaunchScreen.storyboard;
			sourceTree = "<group>";
		};
/* End PBXVariantGroup section */

/* Begin XCBuildConfiguration section */
		7B789550239E2A050033E256 /* Debug */ = {
			isa = XCBuildConfiguration;
			buildSettings = {
				ALWAYS_SEARCH_USER_PATHS = NO;
				CLANG_ANALYZER_NONNULL = YES;
				CLANG_ANALYZER_NUMBER_OBJECT_CONVERSION = YES_AGGRESSIVE;
				CLANG_CXX_LANGUAGE_STANDARD = "gnu++14";
				CLANG_CXX_LIBRARY = "libc++";
				CLANG_ENABLE_MODULES = YES;
				CLANG_ENABLE_OBJC_ARC = YES;
				CLANG_ENABLE_OBJC_WEAK = YES;
				CLANG_WARN_BLOCK_CAPTURE_AUTORELEASING = YES;
				CLANG_WARN_BOOL_CONVERSION = YES;
				CLANG_WARN_COMMA = YES;
				CLANG_WARN_CONSTANT_CONVERSION = YES;
				CLANG_WARN_DEPRECATED_OBJC_IMPLEMENTATIONS = YES;
				CLANG_WARN_DIRECT_OBJC_ISA_USAGE = YES_ERROR;
				CLANG_WARN_DOCUMENTATION_COMMENTS = YES;
				CLANG_WARN_EMPTY_BODY = YES;
				CLANG_WARN_ENUM_CONVERSION = YES;
				CLANG_WARN_INFINITE_RECURSION = YES;
				CLANG_WARN_INT_CONVERSION = YES;
				CLANG_WARN_NON_LITERAL_NULL_CONVERSION = YES;
				CLANG_WARN_OBJC_IMPLICIT_RETAIN_SELF = YES;
				CLANG_WARN_OBJC_LITERAL_CONVERSION = YES;
				CLANG_WARN_OBJC_ROOT_CLASS = YES_ERROR;
				CLANG_WARN_RANGE_LOOP_ANALYSIS = YES;
				CLANG_WARN_STRICT_PROTOTYPES = YES;
				CLANG_WARN_SUSPICIOUS_MOVE = YES;
				CLANG_WARN_UNGUARDED_AVAILABILITY = YES_AGGRESSIVE;
				CLANG_WARN_UNREACHABLE_CODE = YES;
				CLANG_WARN__DUPLICATE_METHOD_MATCH = YES;
				COPY_PHASE_STRIP = NO;
				DEBUG_INFORMATION_FORMAT = dwarf;
				ENABLE_STRICT_OBJC_MSGSEND = YES;
				ENABLE_TESTABILITY = YES;
				GCC_C_LANGUAGE_STANDARD = gnu11;
				GCC_DYNAMIC_NO_PIC = NO;
				GCC_NO_COMMON_BLOCKS = YES;
				GCC_OPTIMIZATION_LEVEL = 0;
				GCC_PREPROCESSOR_DEFINITIONS = (
					"DEBUG=1",
					"$(inherited)",
				);
				GCC_WARN_64_TO_32_BIT_CONVERSION = YES;
				GCC_WARN_ABOUT_RETURN_TYPE = YES_ERROR;
				GCC_WARN_UNDECLARED_SELECTOR = YES;
				GCC_WARN_UNINITIALIZED_AUTOS = YES_AGGRESSIVE;
				GCC_WARN_UNUSED_FUNCTION = YES;
				GCC_WARN_UNUSED_VARIABLE = YES;
				IPHONEOS_DEPLOYMENT_TARGET = 13.1;
				MTL_ENABLE_DEBUG_INFO = INCLUDE_SOURCE;
				MTL_FAST_MATH = YES;
				ONLY_ACTIVE_ARCH = YES;
				SDKROOT = iphoneos;
				SWIFT_ACTIVE_COMPILATION_CONDITIONS = DEBUG;
				SWIFT_OPTIMIZATION_LEVEL = "-Onone";
			};
			name = Debug;
		};
		7B789551239E2A050033E256 /* Release */ = {
			isa = XCBuildConfiguration;
			buildSettings = {
				ALWAYS_SEARCH_USER_PATHS = NO;
				CLANG_ANALYZER_NONNULL = YES;
				CLANG_ANALYZER_NUMBER_OBJECT_CONVERSION = YES_AGGRESSIVE;
				CLANG_CXX_LANGUAGE_STANDARD = "gnu++14";
				CLANG_CXX_LIBRARY = "libc++";
				CLANG_ENABLE_MODULES = YES;
				CLANG_ENABLE_OBJC_ARC = YES;
				CLANG_ENABLE_OBJC_WEAK = YES;
				CLANG_WARN_BLOCK_CAPTURE_AUTORELEASING = YES;
				CLANG_WARN_BOOL_CONVERSION = YES;
				CLANG_WARN_COMMA = YES;
				CLANG_WARN_CONSTANT_CONVERSION = YES;
				CLANG_WARN_DEPRECATED_OBJC_IMPLEMENTATIONS = YES;
				CLANG_WARN_DIRECT_OBJC_ISA_USAGE = YES_ERROR;
				CLANG_WARN_DOCUMENTATION_COMMENTS = YES;
				CLANG_WARN_EMPTY_BODY = YES;
				CLANG_WARN_ENUM_CONVERSION = YES;
				CLANG_WARN_INFINITE_RECURSION = YES;
				CLANG_WARN_INT_CONVERSION = YES;
				CLANG_WARN_NON_LITERAL_NULL_CONVERSION = YES;
				CLANG_WARN_OBJC_IMPLICIT_RETAIN_SELF = YES;
				CLANG_WARN_OBJC_LITERAL_CONVERSION = YES;
				CLANG_WARN_OBJC_ROOT_CLASS = YES_ERROR;
				CLANG_WARN_RANGE_LOOP_ANALYSIS = YES;
				CLANG_WARN_STRICT_PROTOTYPES = YES;
				CLANG_WARN_SUSPICIOUS_MOVE = YES;
				CLANG_WARN_UNGUARDED_AVAILABILITY = YES_AGGRESSIVE;
				CLANG_WARN_UNREACHABLE_CODE = YES;
				CLANG_WARN__DUPLICATE_METHOD_MATCH = YES;
				COPY_PHASE_STRIP = NO;
				DEBUG_INFORMATION_FORMAT = "dwarf-with-dsym";
				ENABLE_NS_ASSERTIONS = NO;
				ENABLE_STRICT_OBJC_MSGSEND = YES;
				GCC_C_LANGUAGE_STANDARD = gnu11;
				GCC_NO_COMMON_BLOCKS = YES;
				GCC_WARN_64_TO_32_BIT_CONVERSION = YES;
				GCC_WARN_ABOUT_RETURN_TYPE = YES_ERROR;
				GCC_WARN_UNDECLARED_SELECTOR = YES;
				GCC_WARN_UNINITIALIZED_AUTOS = YES_AGGRESSIVE;
				GCC_WARN_UNUSED_FUNCTION = YES;
				GCC_WARN_UNUSED_VARIABLE = YES;
				IPHONEOS_DEPLOYMENT_TARGET = 13.1;
				MTL_ENABLE_DEBUG_INFO = NO;
				MTL_FAST_MATH = YES;
				SDKROOT = iphoneos;
				SWIFT_COMPILATION_MODE = wholemodule;
				SWIFT_OPTIMIZATION_LEVEL = "-O";
				VALIDATE_PRODUCT = YES;
			};
			name = Release;
		};
		7B789553239E2A050033E256 /* Debug */ = {
			isa = XCBuildConfiguration;
			baseConfigurationReference = DAEFCAF942C3F7BB799D4F4D /* Pods-NexSeedChatProject.debug.xcconfig */;
			buildSettings = {
				ASSETCATALOG_COMPILER_APPICON_NAME = AppIcon;
				CODE_SIGN_STYLE = Automatic;
				DEVELOPMENT_TEAM = AKH29S9QB6;
				INFOPLIST_FILE = NexSeedChatProject/Info.plist;
				LD_RUNPATH_SEARCH_PATHS = (
					"$(inherited)",
					"@executable_path/Frameworks",
				);
				PRODUCT_BUNDLE_IDENTIFIER = com.example.NexSeedChatProject;
				PRODUCT_NAME = "$(TARGET_NAME)";
				SWIFT_VERSION = 5.0;
				TARGETED_DEVICE_FAMILY = "1,2";
			};
			name = Debug;
		};
		7B789554239E2A050033E256 /* Release */ = {
			isa = XCBuildConfiguration;
			baseConfigurationReference = 5DE6F2698F6AEB06E5DE35A8 /* Pods-NexSeedChatProject.release.xcconfig */;
			buildSettings = {
				ASSETCATALOG_COMPILER_APPICON_NAME = AppIcon;
				CODE_SIGN_STYLE = Automatic;
				DEVELOPMENT_TEAM = AKH29S9QB6;
				INFOPLIST_FILE = NexSeedChatProject/Info.plist;
				LD_RUNPATH_SEARCH_PATHS = (
					"$(inherited)",
					"@executable_path/Frameworks",
				);
				PRODUCT_BUNDLE_IDENTIFIER = com.example.NexSeedChatProject;
				PRODUCT_NAME = "$(TARGET_NAME)";
				SWIFT_VERSION = 5.0;
				TARGETED_DEVICE_FAMILY = "1,2";
			};
			name = Release;
		};
/* End XCBuildConfiguration section */

/* Begin XCConfigurationList section */
		7B789539239E2A000033E256 /* Build configuration list for PBXProject "NexSeedChatProject" */ = {
			isa = XCConfigurationList;
			buildConfigurations = (
				7B789550239E2A050033E256 /* Debug */,
				7B789551239E2A050033E256 /* Release */,
			);
			defaultConfigurationIsVisible = 0;
			defaultConfigurationName = Release;
		};
		7B789552239E2A050033E256 /* Build configuration list for PBXNativeTarget "NexSeedChatProject" */ = {
			isa = XCConfigurationList;
			buildConfigurations = (
				7B789553239E2A050033E256 /* Debug */,
				7B789554239E2A050033E256 /* Release */,
			);
			defaultConfigurationIsVisible = 0;
			defaultConfigurationName = Release;
		};
/* End XCConfigurationList section */
	};
	rootObject = 7B789536239E2A000033E256 /* Project object */;
}
